
Microsoft Visual Studio Solution File, Format Version 12.00
# Visual Studio Version 17
VisualStudioVersion = 17.5.33627.172
MinimumVisualStudioVersion = 10.0.40219.1
Project("{FAE04EC0-301F-11D3-BF4B-00C04F79EFBC}") = "DCI Service Kicker", "DCI Service Kicker\DCI Service Kicker.csproj", "{5D671604-2F55-47E2-BFED-AD50F540A04F}"
EndProject
Global
	GlobalSection(SolutionConfigurationPlatforms) = preSolution
		Debug|Any CPU = Debug|Any CPU
		Release|Any CPU = Release|Any CPU
	EndGlobalSection
	GlobalSection(ProjectConfigurationPlatforms) = postSolution
		{5D671604-2F55-47E2-BFED-AD50F540A04F}.Debug|Any CPU.ActiveCfg = Debug|Any CPU
		{5D671604-2F55-47E2-BFED-AD50F540A04F}.Debug|Any CPU.Build.0 = Debug|Any CPU
		{5D671604-2F55-47E2-BFED-AD50F540A04F}.Release|Any CPU.ActiveCfg = Release|Any CPU
		{5D671604-2F55-47E2-BFED-AD50F540A04F}.Release|Any CPU.Build.0 = Release|Any CPU
	EndGlobalSection
	GlobalSection(SolutionProperties) = preSolution
		HideSolutionNode = FALSE
	EndGlobalSection
	GlobalSection(ExtensibilityGlobals) = postSolution
		SolutionGuid = {24D11B7F-F3D3-4D63-AA2E-873E6498FC75}
	EndGlobalSection
EndGlobal
